
Microsoft Visual Studio Solution File, Format Version 12.00
# Visual Studio Version 16
VisualStudioVersion = 25.0.1706.1
MinimumVisualStudioVersion = 10.0.40219.1
Project("{FAE04EC0-301F-11D3-BF4B-00C04F79EFBC}") = "C-Sharp-Advanced-Practice", "C-Sharp-Advanced-Practice\C-Sharp-Advanced-Practice.csproj", "{230CEF55-EA1D-4117-B63B-8F13E82B5476}"
EndProject
Global
	GlobalSection(SolutionConfigurationPlatforms) = preSolution
		Debug|Any CPU = Debug|Any CPU
		Release|Any CPU = Release|Any CPU
	EndGlobalSection
	GlobalSection(ProjectConfigurationPlatforms) = postSolution
		{230CEF55-EA1D-4117-B63B-8F13E82B5476}.Debug|Any CPU.ActiveCfg = Debug|Any CPU
		{230CEF55-EA1D-4117-B63B-8F13E82B5476}.Debug|Any CPU.Build.0 = Debug|Any CPU
		{230CEF55-EA1D-4117-B63B-8F13E82B5476}.Release|Any CPU.ActiveCfg = Release|Any CPU
		{230CEF55-EA1D-4117-B63B-8F13E82B5476}.Release|Any CPU.Build.0 = Release|Any CPU
	EndGlobalSection
	GlobalSection(SolutionProperties) = preSolution
		HideSolutionNode = FALSE
	EndGlobalSection
	GlobalSection(ExtensibilityGlobals) = postSolution
		SolutionGuid = {BE55351D-FE03-4FCD-B009-20B34EABC109}
	EndGlobalSection
EndGlobal
